  
---
- name: port change
  hosts: 172.30.254.100
  gather_facts: false
  connection: network_cli

  tasks:
    - name: Block Pings
      ios_command: #ansible module
        commands: #commands to run
          - enable
          - conf t
          - no ip access-list extended menards
          - int g0/0
          - no ip access-group menards in

      register: output

    - debug: var=output.stdout_lines
