---
- name: port change
  hosts: 172.30.254.100
  gather_facts: false
  connection: network_cli

  tasks:
    - name: Block Pings
      ios_command: #ansible module
        commands: #commands to run
          - enable
          - conf t
          - ip access-list extended menards
          - deny icmp 172.30.254.102 0.0.0.255 any
          - deny icmp 172.30.254.103 0.0.0.255 any
          - permit ip any any
          - int g0/0
          - ip access-group menards in
      register: output

    - debug: var=output.stdout_lines
